{
  "name": "bank_webhook_handler",
  "version": "1.0.0",
  "lockfileVersion": 3,
  "requires": true,
  "packages": {
    "": {
      "name": "bank_webhook_handler",
      "version": "1.0.0",
      "license": "ISC",
      "dependencies": {
        "bank_webhook_handler": "file:"
      }
    },
    "node_modules/bank_webhook_handler": {
      "resolved": "",
      "link": true
    }
  }
}
